
Microsoft Visual Studio Solution File, Format Version 12.00
# Visual Studio 15
VisualStudioVersion = 15.0.26228.9
MinimumVisualStudioVersion = 10.0.40219.1
Project("{8BC9CEB8-8B4A-11D0-8D11-00A0C91BC942}") = "CityBuildingGame", "CityBuildingGame\CityBuildingGame.vcxproj", "{7BFA9DB1-C1C7-4774-B08F-6F86CDF05BEF}"
EndProject
Project("{2150E333-8FDC-42A3-9474-1A3956D46DE8}") = "Solution Items", "Solution Items", "{BA1CC948-9E99-4878-A1AB-C9BD999267F3}"
	ProjectSection(SolutionItems) = preProject
		CityBuildingGame\materials.frag = CityBuildingGame\materials.frag
		CityBuildingGame\materials.vert = CityBuildingGame\materials.vert
		CityBuildingGame\mesh_instanced.frag = CityBuildingGame\mesh_instanced.frag
		CityBuildingGame\mesh_instanced.vert = CityBuildingGame\mesh_instanced.vert
		CityBuildingGame\mesh_instanced_depth.frag = CityBuildingGame\mesh_instanced_depth.frag
		CityBuildingGame\mesh_instanced_depth.vert = CityBuildingGame\mesh_instanced_depth.vert
		CityBuildingGame\mesh_shader.frag = CityBuildingGame\mesh_shader.frag
		CityBuildingGame\mesh_shader.vert = CityBuildingGame\mesh_shader.vert
		CityBuildingGame\shadow_mapping_depth.frag = CityBuildingGame\shadow_mapping_depth.frag
		CityBuildingGame\shadow_mapping_depth.vert = CityBuildingGame\shadow_mapping_depth.vert
		CityBuildingGame\skinning.frag = CityBuildingGame\skinning.frag
		CityBuildingGame\skinning.vert = CityBuildingGame\skinning.vert
		CityBuildingGame\terrain.frag = CityBuildingGame\terrain.frag
		CityBuildingGame\terrain.vert = CityBuildingGame\terrain.vert
	EndProjectSection
EndProject
Global
	GlobalSection(SolutionConfigurationPlatforms) = preSolution
		Debug|Win32 = Debug|Win32
		Debug|x64 = Debug|x64
		Release|Win32 = Release|Win32
		Release|x64 = Release|x64
	EndGlobalSection
	GlobalSection(ProjectConfigurationPlatforms) = postSolution
		{7BFA9DB1-C1C7-4774-B08F-6F86CDF05BEF}.Debug|Win32.ActiveCfg = Debug|Win32
		{7BFA9DB1-C1C7-4774-B08F-6F86CDF05BEF}.Debug|Win32.Build.0 = Debug|Win32
		{7BFA9DB1-C1C7-4774-B08F-6F86CDF05BEF}.Debug|x64.ActiveCfg = Debug|x64
		{7BFA9DB1-C1C7-4774-B08F-6F86CDF05BEF}.Debug|x64.Build.0 = Debug|x64
		{7BFA9DB1-C1C7-4774-B08F-6F86CDF05BEF}.Release|Win32.ActiveCfg = Release|Win32
		{7BFA9DB1-C1C7-4774-B08F-6F86CDF05BEF}.Release|Win32.Build.0 = Release|Win32
		{7BFA9DB1-C1C7-4774-B08F-6F86CDF05BEF}.Release|x64.ActiveCfg = Release|x64
		{7BFA9DB1-C1C7-4774-B08F-6F86CDF05BEF}.Release|x64.Build.0 = Release|x64
	EndGlobalSection
	GlobalSection(SolutionProperties) = preSolution
		HideSolutionNode = FALSE
	EndGlobalSection
	GlobalSection(ExtensibilityGlobals) = postSolution
		SolutionGuid = {174D8899-0715-486B-B121-00FD5BF6613A}
	EndGlobalSection
EndGlobal
