<?xml version="1.0" encoding="utf-8"?>
<Project ToolsVersion="4.0" xmlns="http://schemas.microsoft.com/developer/msbuild/2003">
  <ItemGroup>
    <ClCompile Include="camera.cpp" />
    <ClCompile Include="game.cpp" />
    <ClCompile Include="rendering\render_data.cpp" />
    <ClCompile Include="grid.cpp" />
    <ClCompile Include="input_handler.cpp" />
    <ClCompile Include="rendering\instanced_mesh.cpp" />
    <ClCompile Include="main.cpp" />
    <ClCompile Include="rendering\instanced_model.cpp" />
    <ClCompile Include="rendering\mesh.cpp" />
    <ClCompile Include="rendering\model.cpp" />
    <ClCompile Include="rendering\shader.cpp" />
    <ClCompile Include="rendering\skinned_mesh.cpp" />
    <ClCompile Include="stdafx.cpp" />
    <ClCompile Include="terrain\map_generator.cpp" />
    <ClCompile Include="terrain\noise_gen.cpp" />
    <ClCompile Include="terrain\terrain.cpp" />
    <ClCompile Include="terrain\tree_generator.cpp" />
    <ClCompile Include="utility\buffer.cpp" />
    <ClCompile Include="gameObjects\game_object.cpp" />
    <ClCompile Include="rendering\shadow.cpp" />
  </ItemGroup>
  <ItemGroup>
    <ClInclude Include="rendering\render_data.h" />
    <ClInclude Include="camera.h" />
    <ClInclude Include="game.h" />
    <ClInclude Include="gameObjects\bone_animated.h" />
    <ClInclude Include="gameObjects\lumberjack.h" />
    <ClInclude Include="gameObjects\tree.h" />
    <ClInclude Include="globals.h" />
    <ClInclude Include="grid.h" />
    <ClInclude Include="input_handler.h" />
    <ClInclude Include="rendering\instanced_mesh.h" />
    <ClInclude Include="rendering\instanced_model.h" />
    <ClInclude Include="rendering\mesh.h" />
    <ClInclude Include="rendering\model.h" />
    <ClInclude Include="rendering\renderer.h" />
    <ClInclude Include="rendering\shader.h" />
    <ClInclude Include="rendering\skinned_mesh.hpp" />
    <ClInclude Include="rendering\stb_image.h" />
    <ClInclude Include="stdafx.h" />
    <ClInclude Include="terrain\map_generator.h" />
    <ClInclude Include="terrain\noise_gen.h" />
    <ClInclude Include="terrain\terrain.h" />
    <ClInclude Include="terrain\tree_generator.h" />
    <ClInclude Include="utility\triple_buffer.h" />
    <ClInclude Include="utility\buffer.h" />
    <ClInclude Include="visitor.h" />
    <ClInclude Include="gameObjects\game_object.h" />
    <ClInclude Include="gameObjects\juniper.h" />
    <ClInclude Include="gameObjects\oak.h" />
    <ClInclude Include="gameObjects\spruce.h" />
    <ClInclude Include="gameObjects\pine.h" />
    <ClInclude Include="rendering\shadow.h" />
  </ItemGroup>
  <ItemGroup>
    <None Include="shaders\skinning.frag" />
    <None Include="shaders\skinning.vert" />
    <None Include="shaders\terrain.vert" />
    <None Include="shaders\mesh.frag" />
    <None Include="shaders\mesh.vert" />
    <None Include="shaders\shadow_depth.frag" />
    <None Include="shaders\shadow_depth.vert" />
  </ItemGroup>
</Project>